// !$*UTF8*$!
{
	archiveVersion = 1;
	classes = {
	};
	objectVersion = 55;
	objects = {

/* Begin PBXBuildFile section */
		CB6105BB279749D9001BE8C8 /* DateApp.swift in Sources */ = {isa = PBXBuildFile; fileRef = CB6105BA279749D9001BE8C8 /* DateApp.swift */; };
		CB6105BF279749D9001BE8C8 /* Assets.xcassets in Resources */ = {isa = PBXBuildFile; fileRef = CB6105BE279749D9001BE8C8 /* Assets.xcassets */; };
		CB6105E927974D41001BE8C8 /* WidgetKit.framework in Frameworks */ = {isa = PBXBuildFile; fileRef = CB6105CF279749ED001BE8C8 /* WidgetKit.framework */; platformFilter = maccatalyst; };
		CB6105EA27974D41001BE8C8 /* SwiftUI.framework in Frameworks */ = {isa = PBXBuildFile; fileRef = CB6105D1279749ED001BE8C8 /* SwiftUI.framework */; platformFilter = maccatalyst; };
		CB6105ED27974D41001BE8C8 /* DateWidget.swift in Sources */ = {isa = PBXBuildFile; fileRef = CB6105EC27974D41001BE8C8 /* DateWidget.swift */; };
		CB6105F427974D41001BE8C8 /* Simple Date WidgetExtension.appex in Embed App Extensions */ = {isa = PBXBuildFile; fileRef = CB6105E827974D41001BE8C8 /* Simple Date WidgetExtension.appex */; settings = {ATTRIBUTES = (RemoveHeadersOnCopy, ); }; };
		CBA0F82827C71C8900AAF57E /* DateFormated.swift in Sources */ = {isa = PBXBuildFile; fileRef = CBA0F82727C71C8900AAF57E /* DateFormated.swift */; };
		CBA0F82927C71C8900AAF57E /* DateFormated.swift in Sources */ = {isa = PBXBuildFile; fileRef = CBA0F82727C71C8900AAF57E /* DateFormated.swift */; };
/* End PBXBuildFile section */

/* Begin PBXContainerItemProxy section */
		CB6105F227974D41001BE8C8 /* PBXContainerItemProxy */ = {
			isa = PBXContainerItemProxy;
			containerPortal = CB6105AF279749D9001BE8C8 /* Project object */;
			proxyType = 1;
			remoteGlobalIDString = CB6105E727974D41001BE8C8;
			remoteInfo = DateWidgetExtension;
		};
/* End PBXContainerItemProxy section */

/* Begin PBXCopyFilesBuildPhase section */
		CB6105E3279749ED001BE8C8 /* Embed App Extensions */ = {
			isa = PBXCopyFilesBuildPhase;
			buildActionMask = 12;
			dstPath = "";
			dstSubfolderSpec = 13;
			files = (
				CB6105F427974D41001BE8C8 /* Simple Date WidgetExtension.appex in Embed App Extensions */,
			);
			name = "Embed App Extensions";
			runOnlyForDeploymentPostprocessing = 0;
		};
/* End PBXCopyFilesBuildPhase section */

/* Begin PBXFileReference section */
		CB2424222B2CD74400CF50BE /* Simple-Date-Widget-Info.plist */ = {isa = PBXFileReference; lastKnownFileType = text.plist; path = "Simple-Date-Widget-Info.plist"; sourceTree = "<group>"; };
		CB6105B7279749D9001BE8C8 /* Simple Date Widget.app */ = {isa = PBXFileReference; explicitFileType = wrapper.application; includeInIndex = 0; path = "Simple Date Widget.app"; sourceTree = BUILT_PRODUCTS_DIR; };
		CB6105BA279749D9001BE8C8 /* DateApp.swift */ = {isa = PBXFileReference; lastKnownFileType = sourcecode.swift; path = DateApp.swift; sourceTree = "<group>"; };
		CB6105BE279749D9001BE8C8 /* Assets.xcassets */ = {isa = PBXFileReference; lastKnownFileType = folder.assetcatalog; path = Assets.xcassets; sourceTree = "<group>"; };
		CB6105C3279749D9001BE8C8 /* Date.entitlements */ = {isa = PBXFileReference; lastKnownFileType = text.plist.entitlements; path = Date.entitlements; sourceTree = "<group>"; };
		CB6105CF279749ED001BE8C8 /* WidgetKit.framework */ = {isa = PBXFileReference; lastKnownFileType = wrapper.framework; name = WidgetKit.framework; path = System/Library/Frameworks/WidgetKit.framework; sourceTree = SDKROOT; };
		CB6105D1279749ED001BE8C8 /* SwiftUI.framework */ = {isa = PBXFileReference; lastKnownFileType = wrapper.framework; name = SwiftUI.framework; path = System/Library/Frameworks/SwiftUI.framework; sourceTree = SDKROOT; };
		CB6105E827974D41001BE8C8 /* Simple Date WidgetExtension.appex */ = {isa = PBXFileReference; explicitFileType = "wrapper.app-extension"; includeInIndex = 0; path = "Simple Date WidgetExtension.appex"; sourceTree = BUILT_PRODUCTS_DIR; };
		CB6105EC27974D41001BE8C8 /* DateWidget.swift */ = {isa = PBXFileReference; lastKnownFileType = sourcecode.swift; path = DateWidget.swift; sourceTree = "<group>"; };
		CB6105F027974D41001BE8C8 /* Info.plist */ = {isa = PBXFileReference; lastKnownFileType = text.plist.xml; path = Info.plist; sourceTree = "<group>"; };
		CB6105F127974D41001BE8C8 /* DateWidget.entitlements */ = {isa = PBXFileReference; lastKnownFileType = text.plist.entitlements; path = DateWidget.entitlements; sourceTree = "<group>"; };
		CBA0F82727C71C8900AAF57E /* DateFormated.swift */ = {isa = PBXFileReference; fileEncoding = 4; lastKnownFileType = sourcecode.swift; path = DateFormated.swift; sourceTree = "<group>"; };
/* End PBXFileReference section */

/* Begin PBXFrameworksBuildPhase section */
		CB6105B4279749D9001BE8C8 /* Frameworks */ = {
			isa = PBXFrameworksBuildPhase;
			buildActionMask = 2147483647;
			files = (
			);
			runOnlyForDeploymentPostprocessing = 0;
		};
		CB6105E527974D41001BE8C8 /* Frameworks */ = {
			isa = PBXFrameworksBuildPhase;
			buildActionMask = 2147483647;
			files = (
				CB6105EA27974D41001BE8C8 /* SwiftUI.framework in Frameworks */,
				CB6105E927974D41001BE8C8 /* WidgetKit.framework in Frameworks */,
			);
			runOnlyForDeploymentPostprocessing = 0;
		};
/* End PBXFrameworksBuildPhase section */

/* Begin PBXGroup section */
		CB6105AE279749D9001BE8C8 = {
			isa = PBXGroup;
			children = (
				CB2424222B2CD74400CF50BE /* Simple-Date-Widget-Info.plist */,
				CBA0F82727C71C8900AAF57E /* DateFormated.swift */,
				CB6105B9279749D9001BE8C8 /* SimpleDateWidget */,
				CB6105EB27974D41001BE8C8 /* DateWidget */,
				CB6105CE279749ED001BE8C8 /* Frameworks */,
				CB6105B8279749D9001BE8C8 /* Products */,
			);
			sourceTree = "<group>";
		};
		CB6105B8279749D9001BE8C8 /* Products */ = {
			isa = PBXGroup;
			children = (
				CB6105B7279749D9001BE8C8 /* Simple Date Widget.app */,
				CB6105E827974D41001BE8C8 /* Simple Date WidgetExtension.appex */,
			);
			name = Products;
			sourceTree = "<group>";
		};
		CB6105B9279749D9001BE8C8 /* SimpleDateWidget */ = {
			isa = PBXGroup;
			children = (
				CB6105BA279749D9001BE8C8 /* DateApp.swift */,
				CB6105BE279749D9001BE8C8 /* Assets.xcassets */,
				CB6105C3279749D9001BE8C8 /* Date.entitlements */,
			);
			path = SimpleDateWidget;
			sourceTree = "<group>";
		};
		CB6105CE279749ED001BE8C8 /* Frameworks */ = {
			isa = PBXGroup;
			children = (
				CB6105CF279749ED001BE8C8 /* WidgetKit.framework */,
				CB6105D1279749ED001BE8C8 /* SwiftUI.framework */,
			);
			name = Frameworks;
			sourceTree = "<group>";
		};
		CB6105EB27974D41001BE8C8 /* DateWidget */ = {
			isa = PBXGroup;
			children = (
				CB6105EC27974D41001BE8C8 /* DateWidget.swift */,
				CB6105F027974D41001BE8C8 /* Info.plist */,
				CB6105F127974D41001BE8C8 /* DateWidget.entitlements */,
			);
			path = DateWidget;
			sourceTree = "<group>";
		};
/* End PBXGroup section */

/* Begin PBXNativeTarget section */
		CB6105B6279749D9001BE8C8 /* Simple Date Widget */ = {
			isa = PBXNativeTarget;
			buildConfigurationList = CB6105C6279749D9001BE8C8 /* Build configuration list for PBXNativeTarget "Simple Date Widget" */;
			buildPhases = (
				CB6105B3279749D9001BE8C8 /* Sources */,
				CB6105B4279749D9001BE8C8 /* Frameworks */,
				CB6105B5279749D9001BE8C8 /* Resources */,
				CB6105E3279749ED001BE8C8 /* Embed App Extensions */,
			);
			buildRules = (
			);
			dependencies = (
				CB6105F327974D41001BE8C8 /* PBXTargetDependency */,
			);
			name = "Simple Date Widget";
			productName = Date;
			productReference = CB6105B7279749D9001BE8C8 /* Simple Date Widget.app */;
			productType = "com.apple.product-type.application";
		};
		CB6105E727974D41001BE8C8 /* Simple Date WidgetExtension */ = {
			isa = PBXNativeTarget;
			buildConfigurationList = CB6105F527974D41001BE8C8 /* Build configuration list for PBXNativeTarget "Simple Date WidgetExtension" */;
			buildPhases = (
				CB6105E427974D41001BE8C8 /* Sources */,
				CB6105E527974D41001BE8C8 /* Frameworks */,
				CB6105E627974D41001BE8C8 /* Resources */,
			);
			buildRules = (
			);
			dependencies = (
			);
			name = "Simple Date WidgetExtension";
			productName = DateWidgetExtension;
			productReference = CB6105E827974D41001BE8C8 /* Simple Date WidgetExtension.appex */;
			productType = "com.apple.product-type.app-extension";
		};
/* End PBXNativeTarget section */

/* Begin PBXProject section */
		CB6105AF279749D9001BE8C8 /* Project object */ = {
			isa = PBXProject;
			attributes = {
				BuildIndependentTargetsInParallel = 1;
				LastSwiftUpdateCheck = 1320;
				LastUpgradeCheck = 1340;
				TargetAttributes = {
					CB6105B6279749D9001BE8C8 = {
						CreatedOnToolsVersion = 13.2.1;
					};
					CB6105E727974D41001BE8C8 = {
						CreatedOnToolsVersion = 13.2.1;
					};
				};
			};
			buildConfigurationList = CB6105B2279749D9001BE8C8 /* Build configuration list for PBXProject "Simple Date Widget" */;
			compatibilityVersion = "Xcode 13.0";
			developmentRegion = en;
			hasScannedForEncodings = 0;
			knownRegions = (
				en,
				Base,
			);
			mainGroup = CB6105AE279749D9001BE8C8;
			productRefGroup = CB6105B8279749D9001BE8C8 /* Products */;
			projectDirPath = "";
			projectRoot = "";
			targets = (
				CB6105B6279749D9001BE8C8 /* Simple Date Widget */,
				CB6105E727974D41001BE8C8 /* Simple Date WidgetExtension */,
			);
		};
/* End PBXProject section */

/* Begin PBXResourcesBuildPhase section */
		CB6105B5279749D9001BE8C8 /* Resources */ = {
			isa = PBXResourcesBuildPhase;
			buildActionMask = 2147483647;
			files = (
				CB6105BF279749D9001BE8C8 /* Assets.xcassets in Resources */,
			);
			runOnlyForDeploymentPostprocessing = 0;
		};
		CB6105E627974D41001BE8C8 /* Resources */ = {
			isa = PBXResourcesBuildPhase;
			buildActionMask = 2147483647;
			files = (
			);
			runOnlyForDeploymentPostprocessing = 0;
		};
/* End PBXResourcesBuildPhase section */

/* Begin PBXSourcesBuildPhase section */
		CB6105B3279749D9001BE8C8 /* Sources */ = {
			isa = PBXSourcesBuildPhase;
			buildActionMask = 2147483647;
			files = (
				CBA0F82827C71C8900AAF57E /* DateFormated.swift in Sources */,
				CB6105BB279749D9001BE8C8 /* DateApp.swift in Sources */,
			);
			runOnlyForDeploymentPostprocessing = 0;
		};
		CB6105E427974D41001BE8C8 /* Sources */ = {
			isa = PBXSourcesBuildPhase;
			buildActionMask = 2147483647;
			files = (
				CBA0F82927C71C8900AAF57E /* DateFormated.swift in Sources */,
				CB6105ED27974D41001BE8C8 /* DateWidget.swift in Sources */,
			);
			runOnlyForDeploymentPostprocessing = 0;
		};
/* End PBXSourcesBuildPhase section */

/* Begin PBXTargetDependency section */
		CB6105F327974D41001BE8C8 /* PBXTargetDependency */ = {
			isa = PBXTargetDependency;
			target = CB6105E727974D41001BE8C8 /* Simple Date WidgetExtension */;
			targetProxy = CB6105F227974D41001BE8C8 /* PBXContainerItemProxy */;
		};
/* End PBXTargetDependency section */

/* Begin XCBuildConfiguration section */
		CB6105C4279749D9001BE8C8 /* Debug */ = {
			isa = XCBuildConfiguration;
			buildSettings = {
				ALWAYS_SEARCH_USER_PATHS = NO;
				CLANG_ANALYZER_NONNULL = YES;
				CLANG_ANALYZER_NUMBER_OBJECT_CONVERSION = YES_AGGRESSIVE;
				CLANG_CXX_LANGUAGE_STANDARD = "gnu++17";
				CLANG_CXX_LIBRARY = "libc++";
				CLANG_ENABLE_MODULES = YES;
				CLANG_ENABLE_OBJC_ARC = YES;
				CLANG_ENABLE_OBJC_WEAK = YES;
				CLANG_WARN_BLOCK_CAPTURE_AUTORELEASING = YES;
				CLANG_WARN_BOOL_CONVERSION = YES;
				CLANG_WARN_COMMA = YES;
				CLANG_WARN_CONSTANT_CONVERSION = YES;
				CLANG_WARN_DEPRECATED_OBJC_IMPLEMENTATIONS = YES;
				CLANG_WARN_DIRECT_OBJC_ISA_USAGE = YES_ERROR;
				CLANG_WARN_DOCUMENTATION_COMMENTS = YES;
				CLANG_WARN_EMPTY_BODY = YES;
				CLANG_WARN_ENUM_CONVERSION = YES;
				CLANG_WARN_INFINITE_RECURSION = YES;
				CLANG_WARN_INT_CONVERSION = YES;
				CLANG_WARN_NON_LITERAL_NULL_CONVERSION = YES;
				CLANG_WARN_OBJC_IMPLICIT_RETAIN_SELF = YES;
				CLANG_WARN_OBJC_LITERAL_CONVERSION = YES;
				CLANG_WARN_OBJC_ROOT_CLASS = YES_ERROR;
				CLANG_WARN_QUOTED_INCLUDE_IN_FRAMEWORK_HEADER = YES;
				CLANG_WARN_RANGE_LOOP_ANALYSIS = YES;
				CLANG_WARN_STRICT_PROTOTYPES = YES;
				CLANG_WARN_SUSPICIOUS_MOVE = YES;
				CLANG_WARN_UNGUARDED_AVAILABILITY = YES_AGGRESSIVE;
				CLANG_WARN_UNREACHABLE_CODE = YES;
				CLANG_WARN__DUPLICATE_METHOD_MATCH = YES;
				COPY_PHASE_STRIP = NO;
				DEBUG_INFORMATION_FORMAT = dwarf;
				ENABLE_STRICT_OBJC_MSGSEND = YES;
				ENABLE_TESTABILITY = YES;
				GCC_C_LANGUAGE_STANDARD = gnu11;
				GCC_DYNAMIC_NO_PIC = NO;
				GCC_NO_COMMON_BLOCKS = YES;
				GCC_OPTIMIZATION_LEVEL = 0;
				GCC_PREPROCESSOR_DEFINITIONS = (
					"DEBUG=1",
					"$(inherited)",
				);
				GCC_WARN_64_TO_32_BIT_CONVERSION = YES;
				GCC_WARN_ABOUT_RETURN_TYPE = YES_ERROR;
				GCC_WARN_UNDECLARED_SELECTOR = YES;
				GCC_WARN_UNINITIALIZED_AUTOS = YES_AGGRESSIVE;
				GCC_WARN_UNUSED_FUNCTION = YES;
				GCC_WARN_UNUSED_VARIABLE = YES;
				MACOSX_DEPLOYMENT_TARGET = 14.2;
				MTL_ENABLE_DEBUG_INFO = INCLUDE_SOURCE;
				MTL_FAST_MATH = YES;
				ONLY_ACTIVE_ARCH = YES;
				SDKROOT = macosx;
				SWIFT_ACTIVE_COMPILATION_CONDITIONS = DEBUG;
				SWIFT_OPTIMIZATION_LEVEL = "-Onone";
			};
			name = Debug;
		};
		CB6105C5279749D9001BE8C8 /* Release */ = {
			isa = XCBuildConfiguration;
			buildSettings = {
				ALWAYS_SEARCH_USER_PATHS = NO;
				CLANG_ANALYZER_NONNULL = YES;
				CLANG_ANALYZER_NUMBER_OBJECT_CONVERSION = YES_AGGRESSIVE;
				CLANG_CXX_LANGUAGE_STANDARD = "gnu++17";
				CLANG_CXX_LIBRARY = "libc++";
				CLANG_ENABLE_MODULES = YES;
				CLANG_ENABLE_OBJC_ARC = YES;
				CLANG_ENABLE_OBJC_WEAK = YES;
				CLANG_WARN_BLOCK_CAPTURE_AUTORELEASING = YES;
				CLANG_WARN_BOOL_CONVERSION = YES;
				CLANG_WARN_COMMA = YES;
				CLANG_WARN_CONSTANT_CONVERSION = YES;
				CLANG_WARN_DEPRECATED_OBJC_IMPLEMENTATIONS = YES;
				CLANG_WARN_DIRECT_OBJC_ISA_USAGE = YES_ERROR;
				CLANG_WARN_DOCUMENTATION_COMMENTS = YES;
				CLANG_WARN_EMPTY_BODY = YES;
				CLANG_WARN_ENUM_CONVERSION = YES;
				CLANG_WARN_INFINITE_RECURSION = YES;
				CLANG_WARN_INT_CONVERSION = YES;
				CLANG_WARN_NON_LITERAL_NULL_CONVERSION = YES;
				CLANG_WARN_OBJC_IMPLICIT_RETAIN_SELF = YES;
				CLANG_WARN_OBJC_LITERAL_CONVERSION = YES;
				CLANG_WARN_OBJC_ROOT_CLASS = YES_ERROR;
				CLANG_WARN_QUOTED_INCLUDE_IN_FRAMEWORK_HEADER = YES;
				CLANG_WARN_RANGE_LOOP_ANALYSIS = YES;
				CLANG_WARN_STRICT_PROTOTYPES = YES;
				CLANG_WARN_SUSPICIOUS_MOVE = YES;
				CLANG_WARN_UNGUARDED_AVAILABILITY = YES_AGGRESSIVE;
				CLANG_WARN_UNREACHABLE_CODE = YES;
				CLANG_WARN__DUPLICATE_METHOD_MATCH = YES;
				COPY_PHASE_STRIP = NO;
				DEBUG_INFORMATION_FORMAT = "dwarf-with-dsym";
				ENABLE_NS_ASSERTIONS = NO;
				ENABLE_STRICT_OBJC_MSGSEND = YES;
				GCC_C_LANGUAGE_STANDARD = gnu11;
				GCC_NO_COMMON_BLOCKS = YES;
				GCC_WARN_64_TO_32_BIT_CONVERSION = YES;
				GCC_WARN_ABOUT_RETURN_TYPE = YES_ERROR;
				GCC_WARN_UNDECLARED_SELECTOR = YES;
				GCC_WARN_UNINITIALIZED_AUTOS = YES_AGGRESSIVE;
				GCC_WARN_UNUSED_FUNCTION = YES;
				GCC_WARN_UNUSED_VARIABLE = YES;
				MACOSX_DEPLOYMENT_TARGET = 14.2;
				MTL_ENABLE_DEBUG_INFO = NO;
				MTL_FAST_MATH = YES;
				SDKROOT = macosx;
				SWIFT_COMPILATION_MODE = wholemodule;
				SWIFT_OPTIMIZATION_LEVEL = "-O";
			};
			name = Release;
		};
		CB6105C7279749D9001BE8C8 /* Debug */ = {
			isa = XCBuildConfiguration;
			buildSettings = {
				ALWAYS_EMBED_SWIFT_STANDARD_LIBRARIES = YES;
				ASSETCATALOG_COMPILER_APPICON_NAME = AppIcon;
				ASSETCATALOG_COMPILER_GLOBAL_ACCENT_COLOR_NAME = AccentColor;
				ASSETCATALOG_COMPILER_INCLUDE_ALL_APPICON_ASSETS = YES;
				CODE_SIGN_ENTITLEMENTS = SimpleDateWidget/Date.entitlements;
				CODE_SIGN_IDENTITY = "-";
				CODE_SIGN_STYLE = Automatic;
				COMBINE_HIDPI_IMAGES = YES;
				CURRENT_PROJECT_VERSION = 1;
				ENABLE_PREVIEWS = YES;
				GENERATE_INFOPLIST_FILE = YES;
				INFOPLIST_FILE = "Simple-Date-Widget-Info.plist";
				INFOPLIST_KEY_LSApplicationCategoryType = "public.app-category.utilities";
				INFOPLIST_KEY_NSHumanReadableCopyright = "";
				LD_RUNPATH_SEARCH_PATHS = (
					"$(inherited)",
					"@executable_path/../Frameworks",
				);
				MACOSX_DEPLOYMENT_TARGET = 14.2;
				MARKETING_VERSION = 1.0;
				PRODUCT_BUNDLE_IDENTIFIER = com.BAproductions.SimpleDateWidget;
				PRODUCT_NAME = "$(TARGET_NAME)";
				SWIFT_EMIT_LOC_STRINGS = YES;
				SWIFT_VERSION = 5.0;
			};
			name = Debug;
		};
		CB6105C8279749D9001BE8C8 /* Release */ = {
			isa = XCBuildConfiguration;
			buildSettings = {
				ALWAYS_EMBED_SWIFT_STANDARD_LIBRARIES = YES;
				ASSETCATALOG_COMPILER_APPICON_NAME = AppIcon;
				ASSETCATALOG_COMPILER_GLOBAL_ACCENT_COLOR_NAME = AccentColor;
				ASSETCATALOG_COMPILER_INCLUDE_ALL_APPICON_ASSETS = YES;
				CODE_SIGN_ENTITLEMENTS = SimpleDateWidget/Date.entitlements;
				CODE_SIGN_IDENTITY = "-";
				CODE_SIGN_STYLE = Automatic;
				COMBINE_HIDPI_IMAGES = YES;
				CURRENT_PROJECT_VERSION = 1;
				ENABLE_PREVIEWS = YES;
				GENERATE_INFOPLIST_FILE = YES;
				INFOPLIST_FILE = "Simple-Date-Widget-Info.plist";
				INFOPLIST_KEY_LSApplicationCategoryType = "public.app-category.utilities";
				INFOPLIST_KEY_NSHumanReadableCopyright = "";
				LD_RUNPATH_SEARCH_PATHS = (
					"$(inherited)",
					"@executable_path/../Frameworks",
				);
				MACOSX_DEPLOYMENT_TARGET = 14.2;
				MARKETING_VERSION = 1.0;
				PRODUCT_BUNDLE_IDENTIFIER = com.BAproductions.SimpleDateWidget;
				PRODUCT_NAME = "$(TARGET_NAME)";
				SWIFT_EMIT_LOC_STRINGS = YES;
				SWIFT_VERSION = 5.0;
			};
			name = Release;
		};
		CB6105F627974D41001BE8C8 /* Debug */ = {
			isa = XCBuildConfiguration;
			buildSettings = {
				ASSETCATALOG_COMPILER_APPICON_NAME = AppIcon;
				ASSETCATALOG_COMPILER_GLOBAL_ACCENT_COLOR_NAME = AccentColor;
				ASSETCATALOG_COMPILER_INCLUDE_ALL_APPICON_ASSETS = YES;
				ASSETCATALOG_COMPILER_WIDGET_BACKGROUND_COLOR_NAME = WidgetBackground;
				CODE_SIGN_ENTITLEMENTS = DateWidget/DateWidget.entitlements;
				CODE_SIGN_IDENTITY = "-";
				CODE_SIGN_STYLE = Automatic;
				CURRENT_PROJECT_VERSION = 1;
				GENERATE_INFOPLIST_FILE = YES;
				INFOPLIST_FILE = DateWidget/Info.plist;
				INFOPLIST_KEY_CFBundleDisplayName = "";
				INFOPLIST_KEY_NSHumanReadableCopyright = "";
				LD_RUNPATH_SEARCH_PATHS = (
					"$(inherited)",
					"@executable_path/../Frameworks",
					"@executable_path/../../../../Frameworks",
				);
				MACOSX_DEPLOYMENT_TARGET = 14.2;
				MARKETING_VERSION = 1.0;
				PRODUCT_BUNDLE_IDENTIFIER = com.BAproductions.SimpleDateWidget.DateWidget;
				PRODUCT_NAME = "$(TARGET_NAME)";
				SKIP_INSTALL = YES;
				SWIFT_EMIT_LOC_STRINGS = YES;
				SWIFT_VERSION = 5.0;
			};
			name = Debug;
		};
		CB6105F727974D41001BE8C8 /* Release */ = {
			isa = XCBuildConfiguration;
			buildSettings = {
				ASSETCATALOG_COMPILER_APPICON_NAME = AppIcon;
				ASSETCATALOG_COMPILER_GLOBAL_ACCENT_COLOR_NAME = AccentColor;
				ASSETCATALOG_COMPILER_INCLUDE_ALL_APPICON_ASSETS = YES;
				ASSETCATALOG_COMPILER_WIDGET_BACKGROUND_COLOR_NAME = WidgetBackground;
				CODE_SIGN_ENTITLEMENTS = DateWidget/DateWidget.entitlements;
				CODE_SIGN_IDENTITY = "-";
				CODE_SIGN_STYLE = Automatic;
				CURRENT_PROJECT_VERSION = 1;
				GENERATE_INFOPLIST_FILE = YES;
				INFOPLIST_FILE = DateWidget/Info.plist;
				INFOPLIST_KEY_CFBundleDisplayName = "";
				INFOPLIST_KEY_NSHumanReadableCopyright = "";
				LD_RUNPATH_SEARCH_PATHS = (
					"$(inherited)",
					"@executable_path/../Frameworks",
					"@executable_path/../../../../Frameworks",
				);
				MACOSX_DEPLOYMENT_TARGET = 14.2;
				MARKETING_VERSION = 1.0;
				PRODUCT_BUNDLE_IDENTIFIER = com.BAproductions.SimpleDateWidget.DateWidget;
				PRODUCT_NAME = "$(TARGET_NAME)";
				SKIP_INSTALL = YES;
				SWIFT_EMIT_LOC_STRINGS = YES;
				SWIFT_VERSION = 5.0;
			};
			name = Release;
		};
/* End XCBuildConfiguration section */

/* Begin XCConfigurationList section */
		CB6105B2279749D9001BE8C8 /* Build configuration list for PBXProject "Simple Date Widget" */ = {
			isa = XCConfigurationList;
			buildConfigurations = (
				CB6105C4279749D9001BE8C8 /* Debug */,
				CB6105C5279749D9001BE8C8 /* Release */,
			);
			defaultConfigurationIsVisible = 0;
			defaultConfigurationName = Release;
		};
		CB6105C6279749D9001BE8C8 /* Build configuration list for PBXNativeTarget "Simple Date Widget" */ = {
			isa = XCConfigurationList;
			buildConfigurations = (
				CB6105C7279749D9001BE8C8 /* Debug */,
				CB6105C8279749D9001BE8C8 /* Release */,
			);
			defaultConfigurationIsVisible = 0;
			defaultConfigurationName = Release;
		};
		CB6105F527974D41001BE8C8 /* Build configuration list for PBXNativeTarget "Simple Date WidgetExtension" */ = {
			isa = XCConfigurationList;
			buildConfigurations = (
				CB6105F627974D41001BE8C8 /* Debug */,
				CB6105F727974D41001BE8C8 /* Release */,
			);
			defaultConfigurationIsVisible = 0;
			defaultConfigurationName = Release;
		};
/* End XCConfigurationList section */
	};
	rootObject = CB6105AF279749D9001BE8C8 /* Project object */;
}
